// !$*UTF8*$!
{
	archiveVersion = 1;
	classes = {
	};
	objectVersion = 46;
	objects = {

/* Begin PBXAggregateTarget section */
		"SwiftLeakCheck::SwiftLeakCheckPackageTests::ProductTarget" /* SwiftLeakCheckPackageTests */ = {
			isa = PBXAggregateTarget;
			buildConfigurationList = OBJ_150 /* Build configuration list for PBXAggregateTarget "SwiftLeakCheckPackageTests" */;
			buildPhases = (
			);
			dependencies = (
				OBJ_153 /* PBXTargetDependency */,
			);
			name = SwiftLeakCheckPackageTests;
			productName = SwiftLeakCheckPackageTests;
		};
/* End PBXAggregateTarget section */

/* Begin PBXBuildFile section */
		FC463C4525D18AFE00E95949 /* DispatchQueue in Resources */ = {isa = PBXBuildFile; fileRef = FC463C3825D18AEC00E95949 /* DispatchQueue */; };
		FC463C5625D18B0700E95949 /* EscapingAttribute in Resources */ = {isa = PBXBuildFile; fileRef = FC463C3F25D18AEC00E95949 /* EscapingAttribute */; };
		FC463C5725D18B0700E95949 /* Extensions in Resources */ = {isa = PBXBuildFile; fileRef = FC463C4025D18AEC00E95949 /* Extensions */; };
		FC463C5825D18B0700E95949 /* FuncResolve in Resources */ = {isa = PBXBuildFile; fileRef = FC463C4225D18AEC00E95949 /* FuncResolve */; };
		FC463C5925D18B0700E95949 /* IfElse in Resources */ = {isa = PBXBuildFile; fileRef = FC463C3925D18AEC00E95949 /* IfElse */; };
		FC463C5A25D18B0700E95949 /* Leak1 in Resources */ = {isa = PBXBuildFile; fileRef = FC463C3725D18AEC00E95949 /* Leak1 */; };
		FC463C5B25D18B0700E95949 /* Leak2 in Resources */ = {isa = PBXBuildFile; fileRef = FC463C4325D18AEC00E95949 /* Leak2 */; };
		FC463C5C25D18B0700E95949 /* NestedClosure in Resources */ = {isa = PBXBuildFile; fileRef = FC463C3C25D18AEC00E95949 /* NestedClosure */; };
		FC463C5D25D18B0700E95949 /* NonEscapingClosure in Resources */ = {isa = PBXBuildFile; fileRef = FC463C3A25D18AEC00E95949 /* NonEscapingClosure */; };
		FC463C5E25D18B0700E95949 /* TypeInfer in Resources */ = {isa = PBXBuildFile; fileRef = FC463C3D25D18AEC00E95949 /* TypeInfer */; };
		FC463C5F25D18B0700E95949 /* TypeResolve in Resources */ = {isa = PBXBuildFile; fileRef = FC463C3B25D18AEC00E95949 /* TypeResolve */; };
		FC463C6025D18B0700E95949 /* UIViewAnimation in Resources */ = {isa = PBXBuildFile; fileRef = FC463C4125D18AEC00E95949 /* UIViewAnimation */; };
		FC463C6125D18B0700E95949 /* UIViewControllerAnimation in Resources */ = {isa = PBXBuildFile; fileRef = FC463C3E25D18AEC00E95949 /* UIViewControllerAnimation */; };
		OBJ_110 /* BaseSyntaxTreeLeakDetector.swift in Sources */ = {isa = PBXBuildFile; fileRef = OBJ_9 /* BaseSyntaxTreeLeakDetector.swift */; };
		OBJ_111 /* DirectoryScanner.swift in Sources */ = {isa = PBXBuildFile; fileRef = OBJ_10 /* DirectoryScanner.swift */; };
		OBJ_112 /* Function.swift in Sources */ = {isa = PBXBuildFile; fileRef = OBJ_11 /* Function.swift */; };
		OBJ_113 /* FunctionSignature.swift in Sources */ = {isa = PBXBuildFile; fileRef = OBJ_12 /* FunctionSignature.swift */; };
		OBJ_114 /* Graph.swift in Sources */ = {isa = PBXBuildFile; fileRef = OBJ_13 /* Graph.swift */; };
		OBJ_115 /* GraphBuilder.swift in Sources */ = {isa = PBXBuildFile; fileRef = OBJ_14 /* GraphBuilder.swift */; };
		OBJ_116 /* GraphLeakDetector.swift in Sources */ = {isa = PBXBuildFile; fileRef = OBJ_15 /* GraphLeakDetector.swift */; };
		OBJ_117 /* Leak.swift in Sources */ = {isa = PBXBuildFile; fileRef = OBJ_16 /* Leak.swift */; };
		OBJ_118 /* LeakDetector.swift in Sources */ = {isa = PBXBuildFile; fileRef = OBJ_17 /* LeakDetector.swift */; };
		OBJ_119 /* CollectionRules.swift in Sources */ = {isa = PBXBuildFile; fileRef = OBJ_19 /* CollectionRules.swift */; };
		OBJ_120 /* DispatchQueueRule.swift in Sources */ = {isa = PBXBuildFile; fileRef = OBJ_20 /* DispatchQueueRule.swift */; };
		OBJ_121 /* ExprSyntaxPredicate.swift in Sources */ = {isa = PBXBuildFile; fileRef = OBJ_21 /* ExprSyntaxPredicate.swift */; };
		OBJ_122 /* NonEscapeRule.swift in Sources */ = {isa = PBXBuildFile; fileRef = OBJ_22 /* NonEscapeRule.swift */; };
		OBJ_123 /* UIViewAnimationRule.swift in Sources */ = {isa = PBXBuildFile; fileRef = OBJ_23 /* UIViewAnimationRule.swift */; };
		OBJ_124 /* UIViewControllerAnimationRule.swift in Sources */ = {isa = PBXBuildFile; fileRef = OBJ_24 /* UIViewControllerAnimationRule.swift */; };
		OBJ_125 /* Scope.swift in Sources */ = {isa = PBXBuildFile; fileRef = OBJ_25 /* Scope.swift */; };
		OBJ_126 /* SourceFileScope.swift in Sources */ = {isa = PBXBuildFile; fileRef = OBJ_26 /* SourceFileScope.swift */; };
		OBJ_127 /* Stack.swift in Sources */ = {isa = PBXBuildFile; fileRef = OBJ_27 /* Stack.swift */; };
		OBJ_128 /* SwiftSyntax+Extensions.swift in Sources */ = {isa = PBXBuildFile; fileRef = OBJ_28 /* SwiftSyntax+Extensions.swift */; };
		OBJ_129 /* Symbol.swift in Sources */ = {isa = PBXBuildFile; fileRef = OBJ_29 /* Symbol.swift */; };
		OBJ_130 /* SyntaxRetrieval.swift in Sources */ = {isa = PBXBuildFile; fileRef = OBJ_30 /* SyntaxRetrieval.swift */; };
		OBJ_131 /* BackwardCompatiblity.swift in Sources */ = {isa = PBXBuildFile; fileRef = OBJ_31 /* BackwardCompatiblity.swift */; };
		OBJ_132 /* TypeDecl.swift in Sources */ = {isa = PBXBuildFile; fileRef = OBJ_32 /* TypeDecl.swift */; };
		OBJ_133 /* TypeResolve.swift in Sources */ = {isa = PBXBuildFile; fileRef = OBJ_33 /* TypeResolve.swift */; };
		OBJ_134 /* Utility.swift in Sources */ = {isa = PBXBuildFile; fileRef = OBJ_34 /* Utility.swift */; };
		OBJ_135 /* Variable.swift in Sources */ = {isa = PBXBuildFile; fileRef = OBJ_35 /* Variable.swift */; };
		OBJ_137 /* SwiftSyntax.framework in Frameworks */ = {isa = PBXBuildFile; fileRef = "SwiftSyntax::SwiftSyntax::Product" /* SwiftSyntax.framework */; };
		OBJ_138 /* _CSwiftSyntax.framework in Frameworks */ = {isa = PBXBuildFile; fileRef = "SwiftSyntax::_CSwiftSyntax::Product" /* _CSwiftSyntax.framework */; };
		OBJ_148 /* Package.swift in Sources */ = {isa = PBXBuildFile; fileRef = OBJ_6 /* Package.swift */; };
		OBJ_159 /* LeakDetectorTests.swift in Sources */ = {isa = PBXBuildFile; fileRef = OBJ_40 /* LeakDetectorTests.swift */; };
		OBJ_160 /* StackTests.swift in Sources */ = {isa = PBXBuildFile; fileRef = OBJ_41 /* StackTests.swift */; };
		OBJ_162 /* SwiftLeakCheck.framework in Frameworks */ = {isa = PBXBuildFile; fileRef = "SwiftLeakCheck::SwiftLeakCheck::Product" /* SwiftLeakCheck.framework */; };
		OBJ_163 /* SwiftSyntax.framework in Frameworks */ = {isa = PBXBuildFile; fileRef = "SwiftSyntax::SwiftSyntax::Product" /* SwiftSyntax.framework */; };
		OBJ_164 /* _CSwiftSyntax.framework in Frameworks */ = {isa = PBXBuildFile; fileRef = "SwiftSyntax::_CSwiftSyntax::Product" /* _CSwiftSyntax.framework */; };
		OBJ_173 /* main.swift in Sources */ = {isa = PBXBuildFile; fileRef = OBJ_37 /* main.swift */; };
		OBJ_175 /* SwiftLeakCheck.framework in Frameworks */ = {isa = PBXBuildFile; fileRef = "SwiftLeakCheck::SwiftLeakCheck::Product" /* SwiftLeakCheck.framework */; };
		OBJ_176 /* SwiftSyntax.framework in Frameworks */ = {isa = PBXBuildFile; fileRef = "SwiftSyntax::SwiftSyntax::Product" /* SwiftSyntax.framework */; };
		OBJ_177 /* _CSwiftSyntax.framework in Frameworks */ = {isa = PBXBuildFile; fileRef = "SwiftSyntax::_CSwiftSyntax::Product" /* _CSwiftSyntax.framework */; };
		OBJ_185 /* AbsolutePosition.swift in Sources */ = {isa = PBXBuildFile; fileRef = OBJ_45 /* AbsolutePosition.swift */; };
		OBJ_186 /* AtomicCounter.swift in Sources */ = {isa = PBXBuildFile; fileRef = OBJ_46 /* AtomicCounter.swift */; };
		OBJ_187 /* Diagnostic.swift in Sources */ = {isa = PBXBuildFile; fileRef = OBJ_47 /* Diagnostic.swift */; };
		OBJ_188 /* DiagnosticConsumer.swift in Sources */ = {isa = PBXBuildFile; fileRef = OBJ_48 /* DiagnosticConsumer.swift */; };
		OBJ_189 /* DiagnosticEngine.swift in Sources */ = {isa = PBXBuildFile; fileRef = OBJ_49 /* DiagnosticEngine.swift */; };
		OBJ_190 /* IncrementalParseTransition.swift in Sources */ = {isa = PBXBuildFile; fileRef = OBJ_50 /* IncrementalParseTransition.swift */; };
		OBJ_191 /* JSONDiagnosticConsumer.swift in Sources */ = {isa = PBXBuildFile; fileRef = OBJ_51 /* JSONDiagnosticConsumer.swift */; };
		OBJ_192 /* PrintingDiagnosticConsumer.swift in Sources */ = {isa = PBXBuildFile; fileRef = OBJ_52 /* PrintingDiagnosticConsumer.swift */; };
		OBJ_193 /* RawSyntax.swift in Sources */ = {isa = PBXBuildFile; fileRef = OBJ_53 /* RawSyntax.swift */; };
		OBJ_194 /* SourceLength.swift in Sources */ = {isa = PBXBuildFile; fileRef = OBJ_54 /* SourceLength.swift */; };
		OBJ_195 /* SourceLocation.swift in Sources */ = {isa = PBXBuildFile; fileRef = OBJ_55 /* SourceLocation.swift */; };
		OBJ_196 /* SourcePresence.swift in Sources */ = {isa = PBXBuildFile; fileRef = OBJ_56 /* SourcePresence.swift */; };
		OBJ_197 /* Syntax.swift in Sources */ = {isa = PBXBuildFile; fileRef = OBJ_57 /* Syntax.swift */; };
		OBJ_198 /* SyntaxChildren.swift in Sources */ = {isa = PBXBuildFile; fileRef = OBJ_58 /* SyntaxChildren.swift */; };
		OBJ_199 /* SyntaxClassifier.swift in Sources */ = {isa = PBXBuildFile; fileRef = OBJ_59 /* SyntaxClassifier.swift */; };
		OBJ_200 /* SyntaxData.swift in Sources */ = {isa = PBXBuildFile; fileRef = OBJ_60 /* SyntaxData.swift */; };
		OBJ_201 /* SyntaxOtherNodes.swift in Sources */ = {isa = PBXBuildFile; fileRef = OBJ_61 /* SyntaxOtherNodes.swift */; };
		OBJ_202 /* SyntaxParser.swift in Sources */ = {isa = PBXBuildFile; fileRef = OBJ_62 /* SyntaxParser.swift */; };
		OBJ_203 /* SyntaxVerifier.swift in Sources */ = {isa = PBXBuildFile; fileRef = OBJ_63 /* SyntaxVerifier.swift */; };
		OBJ_204 /* Utils.swift in Sources */ = {isa = PBXBuildFile; fileRef = OBJ_64 /* Utils.swift */; };
		OBJ_205 /* Misc.swift in Sources */ = {isa = PBXBuildFile; fileRef = OBJ_66 /* Misc.swift */; };
		OBJ_206 /* SyntaxAnyVisitor.swift in Sources */ = {isa = PBXBuildFile; fileRef = OBJ_67 /* SyntaxAnyVisitor.swift */; };
		OBJ_207 /* SyntaxBaseNodes.swift in Sources */ = {isa = PBXBuildFile; fileRef = OBJ_68 /* SyntaxBaseNodes.swift */; };
		OBJ_208 /* SyntaxBuilders.swift in Sources */ = {isa = PBXBuildFile; fileRef = OBJ_69 /* SyntaxBuilders.swift */; };
		OBJ_209 /* SyntaxClassification.swift in Sources */ = {isa = PBXBuildFile; fileRef = OBJ_70 /* SyntaxClassification.swift */; };
		OBJ_210 /* SyntaxCollections.swift in Sources */ = {isa = PBXBuildFile; fileRef = OBJ_71 /* SyntaxCollections.swift */; };
		OBJ_211 /* SyntaxEnum.swift in Sources */ = {isa = PBXBuildFile; fileRef = OBJ_72 /* SyntaxEnum.swift */; };
		OBJ_212 /* SyntaxFactory.swift in Sources */ = {isa = PBXBuildFile; fileRef = OBJ_73 /* SyntaxFactory.swift */; };
		OBJ_213 /* SyntaxKind.swift in Sources */ = {isa = PBXBuildFile; fileRef = OBJ_74 /* SyntaxKind.swift */; };
		OBJ_214 /* SyntaxRewriter.swift in Sources */ = {isa = PBXBuildFile; fileRef = OBJ_75 /* SyntaxRewriter.swift */; };
		OBJ_215 /* SyntaxTraits.swift in Sources */ = {isa = PBXBuildFile; fileRef = OBJ_76 /* SyntaxTraits.swift */; };
		OBJ_216 /* SyntaxVisitor.swift in Sources */ = {isa = PBXBuildFile; fileRef = OBJ_77 /* SyntaxVisitor.swift */; };
		OBJ_217 /* TokenKind.swift in Sources */ = {isa = PBXBuildFile; fileRef = OBJ_78 /* TokenKind.swift */; };
		OBJ_218 /* Trivia.swift in Sources */ = {isa = PBXBuildFile; fileRef = OBJ_79 /* Trivia.swift */; };
		OBJ_219 /* SyntaxDeclNodes.swift in Sources */ = {isa = PBXBuildFile; fileRef = OBJ_81 /* SyntaxDeclNodes.swift */; };
		OBJ_220 /* SyntaxExprNodes.swift in Sources */ = {isa = PBXBuildFile; fileRef = OBJ_82 /* SyntaxExprNodes.swift */; };
		OBJ_221 /* SyntaxNodes.swift in Sources */ = {isa = PBXBuildFile; fileRef = OBJ_83 /* SyntaxNodes.swift */; };
		OBJ_222 /* SyntaxPatternNodes.swift in Sources */ = {isa = PBXBuildFile; fileRef = OBJ_84 /* SyntaxPatternNodes.swift */; };
		OBJ_223 /* SyntaxStmtNodes.swift in Sources */ = {isa = PBXBuildFile; fileRef = OBJ_85 /* SyntaxStmtNodes.swift */; };
		OBJ_224 /* SyntaxTypeNodes.swift in Sources */ = {isa = PBXBuildFile; fileRef = OBJ_86 /* SyntaxTypeNodes.swift */; };
		OBJ_226 /* _CSwiftSyntax.framework in Frameworks */ = {isa = PBXBuildFile; fileRef = "SwiftSyntax::_CSwiftSyntax::Product" /* _CSwiftSyntax.framework */; };
		OBJ_233 /* Package.swift in Sources */ = {isa = PBXBuildFile; fileRef = OBJ_94 /* Package.swift */; };
		OBJ_238 /* atomic-counter.c in Sources */ = {isa = PBXBuildFile; fileRef = OBJ_90 /* atomic-counter.c */; };
/* End PBXBuildFile section */

/* Begin PBXContainerItemProxy section */
		FC463C2525D18AD700E95949 /* PBXContainerItemProxy */ = {
			isa = PBXContainerItemProxy;
			containerPortal = OBJ_1 /* Project object */;
			proxyType = 1;
			remoteGlobalIDString = "SwiftLeakCheck::SwiftLeakCheck";
			remoteInfo = SwiftLeakCheck;
		};
		FC463C2625D18AD700E95949 /* PBXContainerItemProxy */ = {
			isa = PBXContainerItemProxy;
			containerPortal = OBJ_1 /* Project object */;
			proxyType = 1;
			remoteGlobalIDString = "SwiftSyntax::SwiftSyntax";
			remoteInfo = SwiftSyntax;
		};
		FC463C2725D18AD700E95949 /* PBXContainerItemProxy */ = {
			isa = PBXContainerItemProxy;
			containerPortal = OBJ_1 /* Project object */;
			proxyType = 1;
			remoteGlobalIDString = "SwiftSyntax::_CSwiftSyntax";
			remoteInfo = _CSwiftSyntax;
		};
		FC463C2825D18AD700E95949 /* PBXContainerItemProxy */ = {
			isa = PBXContainerItemProxy;
			containerPortal = OBJ_1 /* Project object */;
			proxyType = 1;
			remoteGlobalIDString = "SwiftSyntax::_CSwiftSyntax";
			remoteInfo = _CSwiftSyntax;
		};
		FC463C2925D18AD700E95949 /* PBXContainerItemProxy */ = {
			isa = PBXContainerItemProxy;
			containerPortal = OBJ_1 /* Project object */;
			proxyType = 1;
			remoteGlobalIDString = "SwiftSyntax::SwiftSyntax";
			remoteInfo = SwiftSyntax;
		};
		FC463C2A25D18AD700E95949 /* PBXContainerItemProxy */ = {
			isa = PBXContainerItemProxy;
			containerPortal = OBJ_1 /* Project object */;
			proxyType = 1;
			remoteGlobalIDString = "SwiftSyntax::_CSwiftSyntax";
			remoteInfo = _CSwiftSyntax;
		};
		FC463C2B25D18AD800E95949 /* PBXContainerItemProxy */ = {
			isa = PBXContainerItemProxy;
			containerPortal = OBJ_1 /* Project object */;
			proxyType = 1;
			remoteGlobalIDString = "SwiftLeakCheck::SwiftLeakCheck";
			remoteInfo = SwiftLeakCheck;
		};
		FC463C2C25D18AD800E95949 /* PBXContainerItemProxy */ = {
			isa = PBXContainerItemProxy;
			containerPortal = OBJ_1 /* Project object */;
			proxyType = 1;
			remoteGlobalIDString = "SwiftSyntax::SwiftSyntax";
			remoteInfo = SwiftSyntax;
		};
		FC463C2D25D18AD800E95949 /* PBXContainerItemProxy */ = {
			isa = PBXContainerItemProxy;
			containerPortal = OBJ_1 /* Project object */;
			proxyType = 1;
			remoteGlobalIDString = "SwiftSyntax::_CSwiftSyntax";
			remoteInfo = _CSwiftSyntax;
		};
		FC463C3025D18AD900E95949 /* PBXContainerItemProxy */ = {
			isa = PBXContainerItemProxy;
			containerPortal = OBJ_1 /* Project object */;
			proxyType = 1;
			remoteGlobalIDString = "SwiftLeakCheck::SwiftLeakCheckTests";
			remoteInfo = SwiftLeakCheckTests;
		};
/* End PBXContainerItemProxy section */

/* Begin PBXFileReference section */
		FC463C3725D18AEC00E95949 /* Leak1 */ = {isa = PBXFileReference; fileEncoding = 4; lastKnownFileType = text; name = Leak1; path = Snippets/Leak1; sourceTree = "<group>"; };
		FC463C3825D18AEC00E95949 /* DispatchQueue */ = {isa = PBXFileReference; fileEncoding = 4; lastKnownFileType = text; name = DispatchQueue; path = Snippets/DispatchQueue; sourceTree = "<group>"; };
		FC463C3925D18AEC00E95949 /* IfElse */ = {isa = PBXFileReference; fileEncoding = 4; lastKnownFileType = text; name = IfElse; path = Snippets/IfElse; sourceTree = "<group>"; };
		FC463C3A25D18AEC00E95949 /* NonEscapingClosure */ = {isa = PBXFileReference; fileEncoding = 4; lastKnownFileType = text; name = NonEscapingClosure; path = Snippets/NonEscapingClosure; sourceTree = "<group>"; };
		FC463C3B25D18AEC00E95949 /* TypeResolve */ = {isa = PBXFileReference; fileEncoding = 4; lastKnownFileType = text; name = TypeResolve; path = Snippets/TypeResolve; sourceTree = "<group>"; };
		FC463C3C25D18AEC00E95949 /* NestedClosure */ = {isa = PBXFileReference; fileEncoding = 4; lastKnownFileType = text; name = NestedClosure; path = Snippets/NestedClosure; sourceTree = "<group>"; };
		FC463C3D25D18AEC00E95949 /* TypeInfer */ = {isa = PBXFileReference; fileEncoding = 4; lastKnownFileType = text; name = TypeInfer; path = Snippets/TypeInfer; sourceTree = "<group>"; };
		FC463C3E25D18AEC00E95949 /* UIViewControllerAnimation */ = {isa = PBXFileReference; fileEncoding = 4; lastKnownFileType = text; name = UIViewControllerAnimation; path = Snippets/UIViewControllerAnimation; sourceTree = "<group>"; };
		FC463C3F25D18AEC00E95949 /* EscapingAttribute */ = {isa = PBXFileReference; fileEncoding = 4; lastKnownFileType = text; name = EscapingAttribute; path = Snippets/EscapingAttribute; sourceTree = "<group>"; };
		FC463C4025D18AEC00E95949 /* Extensions */ = {isa = PBXFileReference; fileEncoding = 4; lastKnownFileType = text; name = Extensions; path = Snippets/Extensions; sourceTree = "<group>"; };
		FC463C4125D18AEC00E95949 /* UIViewAnimation */ = {isa = PBXFileReference; fileEncoding = 4; lastKnownFileType = text; name = UIViewAnimation; path = Snippets/UIViewAnimation; sourceTree = "<group>"; };
		FC463C4225D18AEC00E95949 /* FuncResolve */ = {isa = PBXFileReference; fileEncoding = 4; lastKnownFileType = text; name = FuncResolve; path = Snippets/FuncResolve; sourceTree = "<group>"; };
		FC463C4325D18AEC00E95949 /* Leak2 */ = {isa = PBXFileReference; fileEncoding = 4; lastKnownFileType = text; name = Leak2; path = Snippets/Leak2; sourceTree = "<group>"; };
		OBJ_10 /* DirectoryScanner.swift */ = {isa = PBXFileReference; lastKnownFileType = sourcecode.swift; path = DirectoryScanner.swift; sourceTree = "<group>"; };
		OBJ_101 /* images */ = {isa = PBXFileReference; lastKnownFileType = folder; path = images; sourceTree = SOURCE_ROOT; };
		OBJ_102 /* DerivedData */ = {isa = PBXFileReference; lastKnownFileType = folder; path = DerivedData; sourceTree = SOURCE_ROOT; };
		OBJ_103 /* LICENSE */ = {isa = PBXFileReference; lastKnownFileType = text; path = LICENSE; sourceTree = "<group>"; };
		OBJ_104 /* README.md */ = {isa = PBXFileReference; lastKnownFileType = net.daringfireball.markdown; path = README.md; sourceTree = "<group>"; };
		OBJ_11 /* Function.swift */ = {isa = PBXFileReference; lastKnownFileType = sourcecode.swift; path = Function.swift; sourceTree = "<group>"; };
		OBJ_12 /* FunctionSignature.swift */ = {isa = PBXFileReference; lastKnownFileType = sourcecode.swift; path = FunctionSignature.swift; sourceTree = "<group>"; };
		OBJ_13 /* Graph.swift */ = {isa = PBXFileReference; lastKnownFileType = sourcecode.swift; path = Graph.swift; sourceTree = "<group>"; };
		OBJ_14 /* GraphBuilder.swift */ = {isa = PBXFileReference; lastKnownFileType = sourcecode.swift; path = GraphBuilder.swift; sourceTree = "<group>"; };
		OBJ_15 /* GraphLeakDetector.swift */ = {isa = PBXFileReference; lastKnownFileType = sourcecode.swift; path = GraphLeakDetector.swift; sourceTree = "<group>"; };
		OBJ_16 /* Leak.swift */ = {isa = PBXFileReference; lastKnownFileType = sourcecode.swift; path = Leak.swift; sourceTree = "<group>"; };
		OBJ_17 /* LeakDetector.swift */ = {isa = PBXFileReference; lastKnownFileType = sourcecode.swift; path = LeakDetector.swift; sourceTree = "<group>"; };
		OBJ_19 /* CollectionRules.swift */ = {isa = PBXFileReference; lastKnownFileType = sourcecode.swift; path = CollectionRules.swift; sourceTree = "<group>"; };
		OBJ_20 /* DispatchQueueRule.swift */ = {isa = PBXFileReference; lastKnownFileType = sourcecode.swift; path = DispatchQueueRule.swift; sourceTree = "<group>"; };
		OBJ_21 /* ExprSyntaxPredicate.swift */ = {isa = PBXFileReference; lastKnownFileType = sourcecode.swift; path = ExprSyntaxPredicate.swift; sourceTree = "<group>"; };
		OBJ_22 /* NonEscapeRule.swift */ = {isa = PBXFileReference; lastKnownFileType = sourcecode.swift; path = NonEscapeRule.swift; sourceTree = "<group>"; };
		OBJ_23 /* UIViewAnimationRule.swift */ = {isa = PBXFileReference; lastKnownFileType = sourcecode.swift; path = UIViewAnimationRule.swift; sourceTree = "<group>"; };
		OBJ_24 /* UIViewControllerAnimationRule.swift */ = {isa = PBXFileReference; lastKnownFileType = sourcecode.swift; path = UIViewControllerAnimationRule.swift; sourceTree = "<group>"; };
		OBJ_25 /* Scope.swift */ = {isa = PBXFileReference; lastKnownFileType = sourcecode.swift; path = Scope.swift; sourceTree = "<group>"; };
		OBJ_26 /* SourceFileScope.swift */ = {isa = PBXFileReference; lastKnownFileType = sourcecode.swift; path = SourceFileScope.swift; sourceTree = "<group>"; };
		OBJ_27 /* Stack.swift */ = {isa = PBXFileReference; lastKnownFileType = sourcecode.swift; path = Stack.swift; sourceTree = "<group>"; };
		OBJ_28 /* SwiftSyntax+Extensions.swift */ = {isa = PBXFileReference; lastKnownFileType = sourcecode.swift; path = "SwiftSyntax+Extensions.swift"; sourceTree = "<group>"; };
		OBJ_29 /* Symbol.swift */ = {isa = PBXFileReference; lastKnownFileType = sourcecode.swift; path = Symbol.swift; sourceTree = "<group>"; };
		OBJ_30 /* SyntaxRetrieval.swift */ = {isa = PBXFileReference; lastKnownFileType = sourcecode.swift; path = SyntaxRetrieval.swift; sourceTree = "<group>"; };
		OBJ_31 /* BackwardCompatiblity.swift */ = {isa = PBXFileReference; lastKnownFileType = sourcecode.swift; path = BackwardCompatiblity.swift; sourceTree = "<group>"; };
		OBJ_32 /* TypeDecl.swift */ = {isa = PBXFileReference; lastKnownFileType = sourcecode.swift; path = TypeDecl.swift; sourceTree = "<group>"; };
		OBJ_33 /* TypeResolve.swift */ = {isa = PBXFileReference; lastKnownFileType = sourcecode.swift; path = TypeResolve.swift; sourceTree = "<group>"; };
		OBJ_34 /* Utility.swift */ = {isa = PBXFileReference; lastKnownFileType = sourcecode.swift; path = Utility.swift; sourceTree = "<group>"; };
		OBJ_35 /* Variable.swift */ = {isa = PBXFileReference; lastKnownFileType = sourcecode.swift; path = Variable.swift; sourceTree = "<group>"; };
		OBJ_37 /* main.swift */ = {isa = PBXFileReference; lastKnownFileType = sourcecode.swift; path = main.swift; sourceTree = "<group>"; };
		OBJ_40 /* LeakDetectorTests.swift */ = {isa = PBXFileReference; lastKnownFileType = sourcecode.swift; path = LeakDetectorTests.swift; sourceTree = "<group>"; };
		OBJ_41 /* StackTests.swift */ = {isa = PBXFileReference; lastKnownFileType = sourcecode.swift; path = StackTests.swift; sourceTree = "<group>"; };
		OBJ_45 /* AbsolutePosition.swift */ = {isa = PBXFileReference; lastKnownFileType = sourcecode.swift; path = AbsolutePosition.swift; sourceTree = "<group>"; };
		OBJ_46 /* AtomicCounter.swift */ = {isa = PBXFileReference; lastKnownFileType = sourcecode.swift; path = AtomicCounter.swift; sourceTree = "<group>"; };
		OBJ_47 /* Diagnostic.swift */ = {isa = PBXFileReference; lastKnownFileType = sourcecode.swift; path = Diagnostic.swift; sourceTree = "<group>"; };
		OBJ_48 /* DiagnosticConsumer.swift */ = {isa = PBXFileReference; lastKnownFileType = sourcecode.swift; path = DiagnosticConsumer.swift; sourceTree = "<group>"; };
		OBJ_49 /* DiagnosticEngine.swift */ = {isa = PBXFileReference; lastKnownFileType = sourcecode.swift; path = DiagnosticEngine.swift; sourceTree = "<group>"; };
		OBJ_50 /* IncrementalParseTransition.swift */ = {isa = PBXFileReference; lastKnownFileType = sourcecode.swift; path = IncrementalParseTransition.swift; sourceTree = "<group>"; };
		OBJ_51 /* JSONDiagnosticConsumer.swift */ = {isa = PBXFileReference; lastKnownFileType = sourcecode.swift; path = JSONDiagnosticConsumer.swift; sourceTree = "<group>"; };
		OBJ_52 /* PrintingDiagnosticConsumer.swift */ = {isa = PBXFileReference; lastKnownFileType = sourcecode.swift; path = PrintingDiagnosticConsumer.swift; sourceTree = "<group>"; };
		OBJ_53 /* RawSyntax.swift */ = {isa = PBXFileReference; lastKnownFileType = sourcecode.swift; path = RawSyntax.swift; sourceTree = "<group>"; };
		OBJ_54 /* SourceLength.swift */ = {isa = PBXFileReference; lastKnownFileType = sourcecode.swift; path = SourceLength.swift; sourceTree = "<group>"; };
		OBJ_55 /* SourceLocation.swift */ = {isa = PBXFileReference; lastKnownFileType = sourcecode.swift; path = SourceLocation.swift; sourceTree = "<group>"; };
		OBJ_56 /* SourcePresence.swift */ = {isa = PBXFileReference; lastKnownFileType = sourcecode.swift; path = SourcePresence.swift; sourceTree = "<group>"; };
		OBJ_57 /* Syntax.swift */ = {isa = PBXFileReference; lastKnownFileType = sourcecode.swift; path = Syntax.swift; sourceTree = "<group>"; };
		OBJ_58 /* SyntaxChildren.swift */ = {isa = PBXFileReference; lastKnownFileType = sourcecode.swift; path = SyntaxChildren.swift; sourceTree = "<group>"; };
		OBJ_59 /* SyntaxClassifier.swift */ = {isa = PBXFileReference; lastKnownFileType = sourcecode.swift; path = SyntaxClassifier.swift; sourceTree = "<group>"; };
		OBJ_6 /* Package.swift */ = {isa = PBXFileReference; explicitFileType = sourcecode.swift; path = Package.swift; sourceTree = "<group>"; };
		OBJ_60 /* SyntaxData.swift */ = {isa = PBXFileReference; lastKnownFileType = sourcecode.swift; path = SyntaxData.swift; sourceTree = "<group>"; };
		OBJ_61 /* SyntaxOtherNodes.swift */ = {isa = PBXFileReference; lastKnownFileType = sourcecode.swift; path = SyntaxOtherNodes.swift; sourceTree = "<group>"; };
		OBJ_62 /* SyntaxParser.swift */ = {isa = PBXFileReference; lastKnownFileType = sourcecode.swift; path = SyntaxParser.swift; sourceTree = "<group>"; };
		OBJ_63 /* SyntaxVerifier.swift */ = {isa = PBXFileReference; lastKnownFileType = sourcecode.swift; path = SyntaxVerifier.swift; sourceTree = "<group>"; };
		OBJ_64 /* Utils.swift */ = {isa = PBXFileReference; lastKnownFileType = sourcecode.swift; path = Utils.swift; sourceTree = "<group>"; };
		OBJ_66 /* Misc.swift */ = {isa = PBXFileReference; lastKnownFileType = sourcecode.swift; path = Misc.swift; sourceTree = "<group>"; };
		OBJ_67 /* SyntaxAnyVisitor.swift */ = {isa = PBXFileReference; lastKnownFileType = sourcecode.swift; path = SyntaxAnyVisitor.swift; sourceTree = "<group>"; };
		OBJ_68 /* SyntaxBaseNodes.swift */ = {isa = PBXFileReference; lastKnownFileType = sourcecode.swift; path = SyntaxBaseNodes.swift; sourceTree = "<group>"; };
		OBJ_69 /* SyntaxBuilders.swift */ = {isa = PBXFileReference; lastKnownFileType = sourcecode.swift; path = SyntaxBuilders.swift; sourceTree = "<group>"; };
		OBJ_70 /* SyntaxClassification.swift */ = {isa = PBXFileReference; lastKnownFileType = sourcecode.swift; path = SyntaxClassification.swift; sourceTree = "<group>"; };
		OBJ_71 /* SyntaxCollections.swift */ = {isa = PBXFileReference; lastKnownFileType = sourcecode.swift; path = SyntaxCollections.swift; sourceTree = "<group>"; };
		OBJ_72 /* SyntaxEnum.swift */ = {isa = PBXFileReference; lastKnownFileType = sourcecode.swift; path = SyntaxEnum.swift; sourceTree = "<group>"; };
		OBJ_73 /* SyntaxFactory.swift */ = {isa = PBXFileReference; lastKnownFileType = sourcecode.swift; path = SyntaxFactory.swift; sourceTree = "<group>"; };
		OBJ_74 /* SyntaxKind.swift */ = {isa = PBXFileReference; lastKnownFileType = sourcecode.swift; path = SyntaxKind.swift; sourceTree = "<group>"; };
		OBJ_75 /* SyntaxRewriter.swift */ = {isa = PBXFileReference; lastKnownFileType = sourcecode.swift; path = SyntaxRewriter.swift; sourceTree = "<group>"; };
		OBJ_76 /* SyntaxTraits.swift */ = {isa = PBXFileReference; lastKnownFileType = sourcecode.swift; path = SyntaxTraits.swift; sourceTree = "<group>"; };
		OBJ_77 /* SyntaxVisitor.swift */ = {isa = PBXFileReference; lastKnownFileType = sourcecode.swift; path = SyntaxVisitor.swift; sourceTree = "<group>"; };
		OBJ_78 /* TokenKind.swift */ = {isa = PBXFileReference; lastKnownFileType = sourcecode.swift; path = TokenKind.swift; sourceTree = "<group>"; };
		OBJ_79 /* Trivia.swift */ = {isa = PBXFileReference; lastKnownFileType = sourcecode.swift; path = Trivia.swift; sourceTree = "<group>"; };
		OBJ_81 /* SyntaxDeclNodes.swift */ = {isa = PBXFileReference; lastKnownFileType = sourcecode.swift; path = SyntaxDeclNodes.swift; sourceTree = "<group>"; };
		OBJ_82 /* SyntaxExprNodes.swift */ = {isa = PBXFileReference; lastKnownFileType = sourcecode.swift; path = SyntaxExprNodes.swift; sourceTree = "<group>"; };
		OBJ_83 /* SyntaxNodes.swift */ = {isa = PBXFileReference; lastKnownFileType = sourcecode.swift; path = SyntaxNodes.swift; sourceTree = "<group>"; };
		OBJ_84 /* SyntaxPatternNodes.swift */ = {isa = PBXFileReference; lastKnownFileType = sourcecode.swift; path = SyntaxPatternNodes.swift; sourceTree = "<group>"; };
		OBJ_85 /* SyntaxStmtNodes.swift */ = {isa = PBXFileReference; lastKnownFileType = sourcecode.swift; path = SyntaxStmtNodes.swift; sourceTree = "<group>"; };
		OBJ_86 /* SyntaxTypeNodes.swift */ = {isa = PBXFileReference; lastKnownFileType = sourcecode.swift; path = SyntaxTypeNodes.swift; sourceTree = "<group>"; };
		OBJ_9 /* BaseSyntaxTreeLeakDetector.swift */ = {isa = PBXFileReference; lastKnownFileType = sourcecode.swift; path = BaseSyntaxTreeLeakDetector.swift; sourceTree = "<group>"; };
		OBJ_90 /* atomic-counter.c */ = {isa = PBXFileReference; lastKnownFileType = sourcecode.c.c; path = "atomic-counter.c"; sourceTree = "<group>"; };
		OBJ_92 /* atomic-counter.h */ = {isa = PBXFileReference; lastKnownFileType = sourcecode.c.h; path = "atomic-counter.h"; sourceTree = "<group>"; };
		OBJ_93 /* module.modulemap */ = {isa = PBXFileReference; lastKnownFileType = "sourcecode.module-map"; name = module.modulemap; path = /Users/hoang.le/Projects/SwiftLeakCheck/SwiftLeakCheck.xcodeproj/GeneratedModuleMap/_CSwiftSyntax/module.modulemap; sourceTree = "<group>"; };
		OBJ_94 /* Package.swift */ = {isa = PBXFileReference; explicitFileType = sourcecode.swift; name = Package.swift; path = "/Users/hoang.le/Projects/SwiftLeakCheck/.build/checkouts/swift-syntax/Package.swift"; sourceTree = "<group>"; };
		"SwiftLeakCheck::SwiftLeakCheck::Product" /* SwiftLeakCheck.framework */ = {isa = PBXFileReference; lastKnownFileType = wrapper.framework; path = SwiftLeakCheck.framework; sourceTree = BUILT_PRODUCTS_DIR; };
		"SwiftLeakCheck::SwiftLeakCheckTests::Product" /* SwiftLeakCheckTests.xctest */ = {isa = PBXFileReference; lastKnownFileType = file; path = SwiftLeakCheckTests.xctest; sourceTree = BUILT_PRODUCTS_DIR; };
		"SwiftLeakCheck::SwiftLeakChecker::Product" /* SwiftLeakChecker */ = {isa = PBXFileReference; lastKnownFileType = text; path = SwiftLeakChecker; sourceTree = BUILT_PRODUCTS_DIR; };
		"SwiftSyntax::SwiftSyntax::Product" /* SwiftSyntax.framework */ = {isa = PBXFileReference; lastKnownFileType = wrapper.framework; path = SwiftSyntax.framework; sourceTree = BUILT_PRODUCTS_DIR; };
		"SwiftSyntax::_CSwiftSyntax::Product" /* _CSwiftSyntax.framework */ = {isa = PBXFileReference; lastKnownFileType = wrapper.framework; path = _CSwiftSyntax.framework; sourceTree = BUILT_PRODUCTS_DIR; };
/* End PBXFileReference section */

/* Begin PBXFrameworksBuildPhase section */
		OBJ_136 /* Frameworks */ = {
			isa = PBXFrameworksBuildPhase;
			buildActionMask = 0;
			files = (
				OBJ_137 /* SwiftSyntax.framework in Frameworks */,
				OBJ_138 /* _CSwiftSyntax.framework in Frameworks */,
			);
			runOnlyForDeploymentPostprocessing = 0;
		};
		OBJ_161 /* Frameworks */ = {
			isa = PBXFrameworksBuildPhase;
			buildActionMask = 0;
			files = (
				OBJ_162 /* SwiftLeakCheck.framework in Frameworks */,
				OBJ_163 /* SwiftSyntax.framework in Frameworks */,
				OBJ_164 /* _CSwiftSyntax.framework in Frameworks */,
			);
			runOnlyForDeploymentPostprocessing = 0;
		};
		OBJ_174 /* Frameworks */ = {
			isa = PBXFrameworksBuildPhase;
			buildActionMask = 0;
			files = (
				OBJ_175 /* SwiftLeakCheck.framework in Frameworks */,
				OBJ_176 /* SwiftSyntax.framework in Frameworks */,
				OBJ_177 /* _CSwiftSyntax.framework in Frameworks */,
			);
			runOnlyForDeploymentPostprocessing = 0;
		};
		OBJ_225 /* Frameworks */ = {
			isa = PBXFrameworksBuildPhase;
			buildActionMask = 0;
			files = (
				OBJ_226 /* _CSwiftSyntax.framework in Frameworks */,
			);
			runOnlyForDeploymentPostprocessing = 0;
		};
		OBJ_239 /* Frameworks */ = {
			isa = PBXFrameworksBuildPhase;
			buildActionMask = 0;
			files = (
			);
			runOnlyForDeploymentPostprocessing = 0;
		};
/* End PBXFrameworksBuildPhase section */

/* Begin PBXGroup section */
		OBJ_18 /* NonEscapeRules */ = {
			isa = PBXGroup;
			children = (
				OBJ_19 /* CollectionRules.swift */,
				OBJ_20 /* DispatchQueueRule.swift */,
				OBJ_21 /* ExprSyntaxPredicate.swift */,
				OBJ_22 /* NonEscapeRule.swift */,
				OBJ_23 /* UIViewAnimationRule.swift */,
				OBJ_24 /* UIViewControllerAnimationRule.swift */,
			);
			path = NonEscapeRules;
			sourceTree = "<group>";
		};
		OBJ_36 /* SwiftLeakChecker */ = {
			isa = PBXGroup;
			children = (
				OBJ_37 /* main.swift */,
			);
			name = SwiftLeakChecker;
			path = Sources/SwiftLeakChecker;
			sourceTree = SOURCE_ROOT;
		};
		OBJ_38 /* Tests */ = {
			isa = PBXGroup;
			children = (
				OBJ_39 /* SwiftLeakCheckTests */,
			);
			name = Tests;
			sourceTree = SOURCE_ROOT;
		};
		OBJ_39 /* SwiftLeakCheckTests */ = {
			isa = PBXGroup;
			children = (
				FC463C3825D18AEC00E95949 /* DispatchQueue */,
				FC463C3F25D18AEC00E95949 /* EscapingAttribute */,
				FC463C4025D18AEC00E95949 /* Extensions */,
				FC463C4225D18AEC00E95949 /* FuncResolve */,
				FC463C3925D18AEC00E95949 /* IfElse */,
				FC463C3725D18AEC00E95949 /* Leak1 */,
				FC463C4325D18AEC00E95949 /* Leak2 */,
				FC463C3C25D18AEC00E95949 /* NestedClosure */,
				FC463C3A25D18AEC00E95949 /* NonEscapingClosure */,
				FC463C3D25D18AEC00E95949 /* TypeInfer */,
				FC463C3B25D18AEC00E95949 /* TypeResolve */,
				FC463C4125D18AEC00E95949 /* UIViewAnimation */,
				FC463C3E25D18AEC00E95949 /* UIViewControllerAnimation */,
				OBJ_40 /* LeakDetectorTests.swift */,
				OBJ_41 /* StackTests.swift */,
			);
			name = SwiftLeakCheckTests;
			path = Tests/SwiftLeakCheckTests;
			sourceTree = SOURCE_ROOT;
		};
		OBJ_42 /* Dependencies */ = {
			isa = PBXGroup;
			children = (
				OBJ_43 /* SwiftSyntax 0.50300.0 */,
			);
			name = Dependencies;
			sourceTree = "<group>";
		};
		OBJ_43 /* SwiftSyntax 0.50300.0 */ = {
			isa = PBXGroup;
			children = (
				OBJ_44 /* SwiftSyntax */,
				OBJ_87 /* SwiftSyntaxBuilder */,
				OBJ_88 /* _CSwiftSyntax */,
				OBJ_94 /* Package.swift */,
			);
			name = "SwiftSyntax 0.50300.0";
			sourceTree = SOURCE_ROOT;
		};
		OBJ_44 /* SwiftSyntax */ = {
			isa = PBXGroup;
			children = (
				OBJ_45 /* AbsolutePosition.swift */,
				OBJ_46 /* AtomicCounter.swift */,
				OBJ_47 /* Diagnostic.swift */,
				OBJ_48 /* DiagnosticConsumer.swift */,
				OBJ_49 /* DiagnosticEngine.swift */,
				OBJ_50 /* IncrementalParseTransition.swift */,
				OBJ_51 /* JSONDiagnosticConsumer.swift */,
				OBJ_52 /* PrintingDiagnosticConsumer.swift */,
				OBJ_53 /* RawSyntax.swift */,
				OBJ_54 /* SourceLength.swift */,
				OBJ_55 /* SourceLocation.swift */,
				OBJ_56 /* SourcePresence.swift */,
				OBJ_57 /* Syntax.swift */,
				OBJ_58 /* SyntaxChildren.swift */,
				OBJ_59 /* SyntaxClassifier.swift */,
				OBJ_60 /* SyntaxData.swift */,
				OBJ_61 /* SyntaxOtherNodes.swift */,
				OBJ_62 /* SyntaxParser.swift */,
				OBJ_63 /* SyntaxVerifier.swift */,
				OBJ_64 /* Utils.swift */,
				OBJ_65 /* gyb_generated */,
			);
			name = SwiftSyntax;
			path = ".build/checkouts/swift-syntax/Sources/SwiftSyntax";
			sourceTree = SOURCE_ROOT;
		};
		OBJ_5 = {
			isa = PBXGroup;
			children = (
				OBJ_6 /* Package.swift */,
				OBJ_7 /* Sources */,
				OBJ_38 /* Tests */,
				OBJ_42 /* Dependencies */,
				OBJ_95 /* Products */,
				OBJ_101 /* images */,
				OBJ_102 /* DerivedData */,
				OBJ_103 /* LICENSE */,
				OBJ_104 /* README.md */,
			);
			sourceTree = "<group>";
		};
		OBJ_65 /* gyb_generated */ = {
			isa = PBXGroup;
			children = (
				OBJ_66 /* Misc.swift */,
				OBJ_67 /* SyntaxAnyVisitor.swift */,
				OBJ_68 /* SyntaxBaseNodes.swift */,
				OBJ_69 /* SyntaxBuilders.swift */,
				OBJ_70 /* SyntaxClassification.swift */,
				OBJ_71 /* SyntaxCollections.swift */,
				OBJ_72 /* SyntaxEnum.swift */,
				OBJ_73 /* SyntaxFactory.swift */,
				OBJ_74 /* SyntaxKind.swift */,
				OBJ_75 /* SyntaxRewriter.swift */,
				OBJ_76 /* SyntaxTraits.swift */,
				OBJ_77 /* SyntaxVisitor.swift */,
				OBJ_78 /* TokenKind.swift */,
				OBJ_79 /* Trivia.swift */,
				OBJ_80 /* syntax_nodes */,
			);
			path = gyb_generated;
			sourceTree = "<group>";
		};
		OBJ_7 /* Sources */ = {
			isa = PBXGroup;
			children = (
				OBJ_8 /* SwiftLeakCheck */,
				OBJ_36 /* SwiftLeakChecker */,
			);
			name = Sources;
			sourceTree = SOURCE_ROOT;
		};
		OBJ_8 /* SwiftLeakCheck */ = {
			isa = PBXGroup;
			children = (
				OBJ_18 /* NonEscapeRules */,
				OBJ_9 /* BaseSyntaxTreeLeakDetector.swift */,
				OBJ_10 /* DirectoryScanner.swift */,
				OBJ_11 /* Function.swift */,
				OBJ_12 /* FunctionSignature.swift */,
				OBJ_13 /* Graph.swift */,
				OBJ_14 /* GraphBuilder.swift */,
				OBJ_15 /* GraphLeakDetector.swift */,
				OBJ_16 /* Leak.swift */,
				OBJ_17 /* LeakDetector.swift */,
				OBJ_25 /* Scope.swift */,
				OBJ_26 /* SourceFileScope.swift */,
				OBJ_27 /* Stack.swift */,
				OBJ_28 /* SwiftSyntax+Extensions.swift */,
				OBJ_29 /* Symbol.swift */,
				OBJ_30 /* SyntaxRetrieval.swift */,
				OBJ_31 /* BackwardCompatiblity.swift */,
				OBJ_32 /* TypeDecl.swift */,
				OBJ_33 /* TypeResolve.swift */,
				OBJ_34 /* Utility.swift */,
				OBJ_35 /* Variable.swift */,
			);
			name = SwiftLeakCheck;
			path = Sources/SwiftLeakCheck;
			sourceTree = SOURCE_ROOT;
		};
		OBJ_80 /* syntax_nodes */ = {
			isa = PBXGroup;
			children = (
				OBJ_81 /* SyntaxDeclNodes.swift */,
				OBJ_82 /* SyntaxExprNodes.swift */,
				OBJ_83 /* SyntaxNodes.swift */,
				OBJ_84 /* SyntaxPatternNodes.swift */,
				OBJ_85 /* SyntaxStmtNodes.swift */,
				OBJ_86 /* SyntaxTypeNodes.swift */,
			);
			path = syntax_nodes;
			sourceTree = "<group>";
		};
		OBJ_87 /* SwiftSyntaxBuilder */ = {
			isa = PBXGroup;
			children = (
			);
			name = SwiftSyntaxBuilder;
			path = ".build/checkouts/swift-syntax/Sources/SwiftSyntaxBuilder";
			sourceTree = SOURCE_ROOT;
		};
		OBJ_88 /* _CSwiftSyntax */ = {
			isa = PBXGroup;
			children = (
				OBJ_89 /* src */,
				OBJ_91 /* include */,
			);
			name = _CSwiftSyntax;
			path = ".build/checkouts/swift-syntax/Sources/_CSwiftSyntax";
			sourceTree = SOURCE_ROOT;
		};
		OBJ_89 /* src */ = {
			isa = PBXGroup;
			children = (
				OBJ_90 /* atomic-counter.c */,
			);
			path = src;
			sourceTree = "<group>";
		};
		OBJ_91 /* include */ = {
			isa = PBXGroup;
			children = (
				OBJ_92 /* atomic-counter.h */,
				OBJ_93 /* module.modulemap */,
			);
			path = include;
			sourceTree = "<group>";
		};
		OBJ_95 /* Products */ = {
			isa = PBXGroup;
			children = (
				"SwiftSyntax::_CSwiftSyntax::Product" /* _CSwiftSyntax.framework */,
				"SwiftLeakCheck::SwiftLeakChecker::Product" /* SwiftLeakChecker */,
				"SwiftLeakCheck::SwiftLeakCheck::Product" /* SwiftLeakCheck.framework */,
				"SwiftLeakCheck::SwiftLeakCheckTests::Product" /* SwiftLeakCheckTests.xctest */,
				"SwiftSyntax::SwiftSyntax::Product" /* SwiftSyntax.framework */,
			);
			name = Products;
			sourceTree = BUILT_PRODUCTS_DIR;
		};
/* End PBXGroup section */

/* Begin PBXNativeTarget section */
		"SwiftLeakCheck::SwiftLeakCheck" /* SwiftLeakCheck */ = {
			isa = PBXNativeTarget;
			buildConfigurationList = OBJ_106 /* Build configuration list for PBXNativeTarget "SwiftLeakCheck" */;
			buildPhases = (
				OBJ_109 /* Sources */,
				OBJ_136 /* Frameworks */,
			);
			buildRules = (
			);
			dependencies = (
				OBJ_139 /* PBXTargetDependency */,
				OBJ_141 /* PBXTargetDependency */,
			);
			name = SwiftLeakCheck;
			productName = SwiftLeakCheck;
			productReference = "SwiftLeakCheck::SwiftLeakCheck::Product" /* SwiftLeakCheck.framework */;
			productType = "com.apple.product-type.framework";
		};
		"SwiftLeakCheck::SwiftLeakCheckTests" /* SwiftLeakCheckTests */ = {
			isa = PBXNativeTarget;
			buildConfigurationList = OBJ_155 /* Build configuration list for PBXNativeTarget "SwiftLeakCheckTests" */;
			buildPhases = (
				OBJ_158 /* Sources */,
				OBJ_161 /* Frameworks */,
				FC463C4425D18AF700E95949 /* Resources */,
			);
			buildRules = (
			);
			dependencies = (
				OBJ_165 /* PBXTargetDependency */,
				OBJ_166 /* PBXTargetDependency */,
				OBJ_167 /* PBXTargetDependency */,
			);
			name = SwiftLeakCheckTests;
			productName = SwiftLeakCheckTests;
			productReference = "SwiftLeakCheck::SwiftLeakCheckTests::Product" /* SwiftLeakCheckTests.xctest */;
			productType = "com.apple.product-type.bundle.unit-test";
		};
		"SwiftLeakCheck::SwiftLeakChecker" /* SwiftLeakChecker */ = {
			isa = PBXNativeTarget;
			buildConfigurationList = OBJ_169 /* Build configuration list for PBXNativeTarget "SwiftLeakChecker" */;
			buildPhases = (
				OBJ_172 /* Sources */,
				OBJ_174 /* Frameworks */,
			);
			buildRules = (
			);
			dependencies = (
				OBJ_178 /* PBXTargetDependency */,
				OBJ_179 /* PBXTargetDependency */,
				OBJ_180 /* PBXTargetDependency */,
			);
			name = SwiftLeakChecker;
			productName = SwiftLeakChecker;
			productReference = "SwiftLeakCheck::SwiftLeakChecker::Product" /* SwiftLeakChecker */;
			productType = "com.apple.product-type.tool";
		};
		"SwiftLeakCheck::SwiftPMPackageDescription" /* SwiftLeakCheckPackageDescription */ = {
			isa = PBXNativeTarget;
			buildConfigurationList = OBJ_144 /* Build configuration list for PBXNativeTarget "SwiftLeakCheckPackageDescription" */;
			buildPhases = (
				OBJ_147 /* Sources */,
			);
			buildRules = (
			);
			dependencies = (
			);
			name = SwiftLeakCheckPackageDescription;
			productName = SwiftLeakCheckPackageDescription;
			productType = "com.apple.product-type.framework";
		};
		"SwiftSyntax::SwiftPMPackageDescription" /* SwiftSyntaxPackageDescription */ = {
			isa = PBXNativeTarget;
			buildConfigurationList = OBJ_229 /* Build configuration list for PBXNativeTarget "SwiftSyntaxPackageDescription" */;
			buildPhases = (
				OBJ_232 /* Sources */,
			);
			buildRules = (
			);
			dependencies = (
			);
			name = SwiftSyntaxPackageDescription;
			productName = SwiftSyntaxPackageDescription;
			productType = "com.apple.product-type.framework";
		};
		"SwiftSyntax::SwiftSyntax" /* SwiftSyntax */ = {
			isa = PBXNativeTarget;
			buildConfigurationList = OBJ_181 /* Build configuration list for PBXNativeTarget "SwiftSyntax" */;
			buildPhases = (
				OBJ_184 /* Sources */,
				OBJ_225 /* Frameworks */,
			);
			buildRules = (
			);
			dependencies = (
				OBJ_227 /* PBXTargetDependency */,
			);
			name = SwiftSyntax;
			productName = SwiftSyntax;
			productReference = "SwiftSyntax::SwiftSyntax::Product" /* SwiftSyntax.framework */;
			productType = "com.apple.product-type.framework";
		};
		"SwiftSyntax::_CSwiftSyntax" /* _CSwiftSyntax */ = {
			isa = PBXNativeTarget;
			buildConfigurationList = OBJ_234 /* Build configuration list for PBXNativeTarget "_CSwiftSyntax" */;
			buildPhases = (
				OBJ_237 /* Sources */,
				OBJ_239 /* Frameworks */,
			);
			buildRules = (
			);
			dependencies = (
			);
			name = _CSwiftSyntax;
			productName = _CSwiftSyntax;
			productReference = "SwiftSyntax::_CSwiftSyntax::Product" /* _CSwiftSyntax.framework */;
			productType = "com.apple.product-type.framework";
		};
/* End PBXNativeTarget section */

/* Begin PBXProject section */
		OBJ_1 /* Project object */ = {
			isa = PBXProject;
			attributes = {
				LastSwiftMigration = 9999;
				LastUpgradeCheck = 9999;
			};
			buildConfigurationList = OBJ_2 /* Build configuration list for PBXProject "SwiftLeakCheck" */;
			compatibilityVersion = "Xcode 3.2";
			developmentRegion = en;
			hasScannedForEncodings = 0;
			knownRegions = (
				en,
			);
			mainGroup = OBJ_5;
			productRefGroup = OBJ_95 /* Products */;
			projectDirPath = "";
			projectRoot = "";
			targets = (
				"SwiftLeakCheck::SwiftLeakCheck" /* SwiftLeakCheck */,
				"SwiftLeakCheck::SwiftPMPackageDescription" /* SwiftLeakCheckPackageDescription */,
				"SwiftLeakCheck::SwiftLeakCheckPackageTests::ProductTarget" /* SwiftLeakCheckPackageTests */,
				"SwiftLeakCheck::SwiftLeakCheckTests" /* SwiftLeakCheckTests */,
				"SwiftLeakCheck::SwiftLeakChecker" /* SwiftLeakChecker */,
				"SwiftSyntax::SwiftSyntax" /* SwiftSyntax */,
				"SwiftSyntax::SwiftPMPackageDescription" /* SwiftSyntaxPackageDescription */,
				"SwiftSyntax::_CSwiftSyntax" /* _CSwiftSyntax */,
			);
		};
/* End PBXProject section */

/* Begin PBXResourcesBuildPhase section */
		FC463C4425D18AF700E95949 /* Resources */ = {
			isa = PBXResourcesBuildPhase;
			buildActionMask = 2147483647;
			files = (
				FC463C5625D18B0700E95949 /* EscapingAttribute in Resources */,
				FC463C5725D18B0700E95949 /* Extensions in Resources */,
				FC463C5825D18B0700E95949 /* FuncResolve in Resources */,
				FC463C5925D18B0700E95949 /* IfElse in Resources */,
				FC463C5A25D18B0700E95949 /* Leak1 in Resources */,
				FC463C5B25D18B0700E95949 /* Leak2 in Resources */,
				FC463C5C25D18B0700E95949 /* NestedClosure in Resources */,
				FC463C5D25D18B0700E95949 /* NonEscapingClosure in Resources */,
				FC463C5E25D18B0700E95949 /* TypeInfer in Resources */,
				FC463C5F25D18B0700E95949 /* TypeResolve in Resources */,
				FC463C6025D18B0700E95949 /* UIViewAnimation in Resources */,
				FC463C6125D18B0700E95949 /* UIViewControllerAnimation in Resources */,
				FC463C4525D18AFE00E95949 /* DispatchQueue in Resources */,
			);
			runOnlyForDeploymentPostprocessing = 0;
		};
/* End PBXResourcesBuildPhase section */

/* Begin PBXSourcesBuildPhase section */
		OBJ_109 /* Sources */ = {
			isa = PBXSourcesBuildPhase;
			buildActionMask = 0;
			files = (
				OBJ_110 /* BaseSyntaxTreeLeakDetector.swift in Sources */,
				OBJ_111 /* DirectoryScanner.swift in Sources */,
				OBJ_112 /* Function.swift in Sources */,
				OBJ_113 /* FunctionSignature.swift in Sources */,
				OBJ_114 /* Graph.swift in Sources */,
				OBJ_115 /* GraphBuilder.swift in Sources */,
				OBJ_116 /* GraphLeakDetector.swift in Sources */,
				OBJ_117 /* Leak.swift in Sources */,
				OBJ_118 /* LeakDetector.swift in Sources */,
				OBJ_119 /* CollectionRules.swift in Sources */,
				OBJ_120 /* DispatchQueueRule.swift in Sources */,
				OBJ_121 /* ExprSyntaxPredicate.swift in Sources */,
				OBJ_122 /* NonEscapeRule.swift in Sources */,
				OBJ_123 /* UIViewAnimationRule.swift in Sources */,
				OBJ_124 /* UIViewControllerAnimationRule.swift in Sources */,
				OBJ_125 /* Scope.swift in Sources */,
				OBJ_126 /* SourceFileScope.swift in Sources */,
				OBJ_127 /* Stack.swift in Sources */,
				OBJ_128 /* SwiftSyntax+Extensions.swift in Sources */,
				OBJ_129 /* Symbol.swift in Sources */,
				OBJ_130 /* SyntaxRetrieval.swift in Sources */,
				OBJ_131 /* BackwardCompatiblity.swift in Sources */,
				OBJ_132 /* TypeDecl.swift in Sources */,
				OBJ_133 /* TypeResolve.swift in Sources */,
				OBJ_134 /* Utility.swift in Sources */,
				OBJ_135 /* Variable.swift in Sources */,
			);
			runOnlyForDeploymentPostprocessing = 0;
		};
		OBJ_147 /* Sources */ = {
			isa = PBXSourcesBuildPhase;
			buildActionMask = 0;
			files = (
				OBJ_148 /* Package.swift in Sources */,
			);
			runOnlyForDeploymentPostprocessing = 0;
		};
		OBJ_158 /* Sources */ = {
			isa = PBXSourcesBuildPhase;
			buildActionMask = 0;
			files = (
				OBJ_159 /* LeakDetectorTests.swift in Sources */,
				OBJ_160 /* StackTests.swift in Sources */,
			);
			runOnlyForDeploymentPostprocessing = 0;
		};
		OBJ_172 /* Sources */ = {
			isa = PBXSourcesBuildPhase;
			buildActionMask = 0;
			files = (
				OBJ_173 /* main.swift in Sources */,
			);
			runOnlyForDeploymentPostprocessing = 0;
		};
		OBJ_184 /* Sources */ = {
			isa = PBXSourcesBuildPhase;
			buildActionMask = 0;
			files = (
				OBJ_185 /* AbsolutePosition.swift in Sources */,
				OBJ_186 /* AtomicCounter.swift in Sources */,
				OBJ_187 /* Diagnostic.swift in Sources */,
				OBJ_188 /* DiagnosticConsumer.swift in Sources */,
				OBJ_189 /* DiagnosticEngine.swift in Sources */,
				OBJ_190 /* IncrementalParseTransition.swift in Sources */,
				OBJ_191 /* JSONDiagnosticConsumer.swift in Sources */,
				OBJ_192 /* PrintingDiagnosticConsumer.swift in Sources */,
				OBJ_193 /* RawSyntax.swift in Sources */,
				OBJ_194 /* SourceLength.swift in Sources */,
				OBJ_195 /* SourceLocation.swift in Sources */,
				OBJ_196 /* SourcePresence.swift in Sources */,
				OBJ_197 /* Syntax.swift in Sources */,
				OBJ_198 /* SyntaxChildren.swift in Sources */,
				OBJ_199 /* SyntaxClassifier.swift in Sources */,
				OBJ_200 /* SyntaxData.swift in Sources */,
				OBJ_201 /* SyntaxOtherNodes.swift in Sources */,
				OBJ_202 /* SyntaxParser.swift in Sources */,
				OBJ_203 /* SyntaxVerifier.swift in Sources */,
				OBJ_204 /* Utils.swift in Sources */,
				OBJ_205 /* Misc.swift in Sources */,
				OBJ_206 /* SyntaxAnyVisitor.swift in Sources */,
				OBJ_207 /* SyntaxBaseNodes.swift in Sources */,
				OBJ_208 /* SyntaxBuilders.swift in Sources */,
				OBJ_209 /* SyntaxClassification.swift in Sources */,
				OBJ_210 /* SyntaxCollections.swift in Sources */,
				OBJ_211 /* SyntaxEnum.swift in Sources */,
				OBJ_212 /* SyntaxFactory.swift in Sources */,
				OBJ_213 /* SyntaxKind.swift in Sources */,
				OBJ_214 /* SyntaxRewriter.swift in Sources */,
				OBJ_215 /* SyntaxTraits.swift in Sources */,
				OBJ_216 /* SyntaxVisitor.swift in Sources */,
				OBJ_217 /* TokenKind.swift in Sources */,
				OBJ_218 /* Trivia.swift in Sources */,
				OBJ_219 /* SyntaxDeclNodes.swift in Sources */,
				OBJ_220 /* SyntaxExprNodes.swift in Sources */,
				OBJ_221 /* SyntaxNodes.swift in Sources */,
				OBJ_222 /* SyntaxPatternNodes.swift in Sources */,
				OBJ_223 /* SyntaxStmtNodes.swift in Sources */,
				OBJ_224 /* SyntaxTypeNodes.swift in Sources */,
			);
			runOnlyForDeploymentPostprocessing = 0;
		};
		OBJ_232 /* Sources */ = {
			isa = PBXSourcesBuildPhase;
			buildActionMask = 0;
			files = (
				OBJ_233 /* Package.swift in Sources */,
			);
			runOnlyForDeploymentPostprocessing = 0;
		};
		OBJ_237 /* Sources */ = {
			isa = PBXSourcesBuildPhase;
			buildActionMask = 0;
			files = (
				OBJ_238 /* atomic-counter.c in Sources */,
			);
			runOnlyForDeploymentPostprocessing = 0;
		};
/* End PBXSourcesBuildPhase section */

/* Begin PBXTargetDependency section */
		OBJ_139 /* PBXTargetDependency */ = {
			isa = PBXTargetDependency;
			target = "SwiftSyntax::SwiftSyntax" /* SwiftSyntax */;
			targetProxy = FC463C2625D18AD700E95949 /* PBXContainerItemProxy */;
		};
		OBJ_141 /* PBXTargetDependency */ = {
			isa = PBXTargetDependency;
			target = "SwiftSyntax::_CSwiftSyntax" /* _CSwiftSyntax */;
			targetProxy = FC463C2825D18AD700E95949 /* PBXContainerItemProxy */;
		};
		OBJ_153 /* PBXTargetDependency */ = {
			isa = PBXTargetDependency;
			target = "SwiftLeakCheck::SwiftLeakCheckTests" /* SwiftLeakCheckTests */;
			targetProxy = FC463C3025D18AD900E95949 /* PBXContainerItemProxy */;
		};
		OBJ_165 /* PBXTargetDependency */ = {
			isa = PBXTargetDependency;
			target = "SwiftLeakCheck::SwiftLeakCheck" /* SwiftLeakCheck */;
			targetProxy = FC463C2B25D18AD800E95949 /* PBXContainerItemProxy */;
		};
		OBJ_166 /* PBXTargetDependency */ = {
			isa = PBXTargetDependency;
			target = "SwiftSyntax::SwiftSyntax" /* SwiftSyntax */;
			targetProxy = FC463C2C25D18AD800E95949 /* PBXContainerItemProxy */;
		};
		OBJ_167 /* PBXTargetDependency */ = {
			isa = PBXTargetDependency;
			target = "SwiftSyntax::_CSwiftSyntax" /* _CSwiftSyntax */;
			targetProxy = FC463C2D25D18AD800E95949 /* PBXContainerItemProxy */;
		};
		OBJ_178 /* PBXTargetDependency */ = {
			isa = PBXTargetDependency;
			target = "SwiftLeakCheck::SwiftLeakCheck" /* SwiftLeakCheck */;
			targetProxy = FC463C2525D18AD700E95949 /* PBXContainerItemProxy */;
		};
		OBJ_179 /* PBXTargetDependency */ = {
			isa = PBXTargetDependency;
			target = "SwiftSyntax::SwiftSyntax" /* SwiftSyntax */;
			targetProxy = FC463C2925D18AD700E95949 /* PBXContainerItemProxy */;
		};
		OBJ_180 /* PBXTargetDependency */ = {
			isa = PBXTargetDependency;
			target = "SwiftSyntax::_CSwiftSyntax" /* _CSwiftSyntax */;
			targetProxy = FC463C2A25D18AD700E95949 /* PBXContainerItemProxy */;
		};
		OBJ_227 /* PBXTargetDependency */ = {
			isa = PBXTargetDependency;
			target = "SwiftSyntax::_CSwiftSyntax" /* _CSwiftSyntax */;
			targetProxy = FC463C2725D18AD700E95949 /* PBXContainerItemProxy */;
		};
/* End PBXTargetDependency section */

/* Begin XCBuildConfiguration section */
		OBJ_107 /* Debug */ = {
			isa = XCBuildConfiguration;
			buildSettings = {
				ENABLE_TESTABILITY = YES;
				FRAMEWORK_SEARCH_PATHS = (
					"$(inherited)",
					"$(PLATFORM_DIR)/Developer/Library/Frameworks",
				);
				HEADER_SEARCH_PATHS = (
					"$(inherited)",
					"$(SRCROOT)/.build/checkouts/swift-syntax/Sources/_CSwiftSyntax/include",
					"$(SRCROOT)/SwiftLeakCheck.xcodeproj/GeneratedModuleMap/_CSwiftSyntax",
				);
				INFOPLIST_FILE = SwiftLeakCheck.xcodeproj/SwiftLeakCheck_Info.plist;
				IPHONEOS_DEPLOYMENT_TARGET = 9.0;
				LD_RUNPATH_SEARCH_PATHS = "$(inherited) $(TOOLCHAIN_DIR)/usr/lib/swift/macosx";
				MACOSX_DEPLOYMENT_TARGET = 10.10;
				OTHER_CFLAGS = "$(inherited)";
				OTHER_LDFLAGS = "$(inherited)";
				OTHER_SWIFT_FLAGS = "$(inherited) -Xcc -fmodule-map-file=$(SRCROOT)/SwiftLeakCheck.xcodeproj/GeneratedModuleMap/_CSwiftSyntax/module.modulemap";
				PRODUCT_BUNDLE_IDENTIFIER = SwiftLeakCheck;
				PRODUCT_MODULE_NAME = "$(TARGET_NAME:c99extidentifier)";
				PRODUCT_NAME = "$(TARGET_NAME:c99extidentifier)";
				SKIP_INSTALL = YES;
				SWIFT_ACTIVE_COMPILATION_CONDITIONS = "$(inherited)";
				SWIFT_VERSION = 5.0;
				TARGET_NAME = SwiftLeakCheck;
				TVOS_DEPLOYMENT_TARGET = 9.0;
				WATCHOS_DEPLOYMENT_TARGET = 2.0;
			};
			name = Debug;
		};
		OBJ_108 /* Release */ = {
			isa = XCBuildConfiguration;
			buildSettings = {
				ENABLE_TESTABILITY = YES;
				FRAMEWORK_SEARCH_PATHS = (
					"$(inherited)",
					"$(PLATFORM_DIR)/Developer/Library/Frameworks",
				);
				HEADER_SEARCH_PATHS = (
					"$(inherited)",
					"$(SRCROOT)/.build/checkouts/swift-syntax/Sources/_CSwiftSyntax/include",
					"$(SRCROOT)/SwiftLeakCheck.xcodeproj/GeneratedModuleMap/_CSwiftSyntax",
				);
				INFOPLIST_FILE = SwiftLeakCheck.xcodeproj/SwiftLeakCheck_Info.plist;
				IPHONEOS_DEPLOYMENT_TARGET = 9.0;
				LD_RUNPATH_SEARCH_PATHS = "$(inherited) $(TOOLCHAIN_DIR)/usr/lib/swift/macosx";
				MACOSX_DEPLOYMENT_TARGET = 10.10;
				OTHER_CFLAGS = "$(inherited)";
				OTHER_LDFLAGS = "$(inherited)";
				OTHER_SWIFT_FLAGS = "$(inherited) -Xcc -fmodule-map-file=$(SRCROOT)/SwiftLeakCheck.xcodeproj/GeneratedModuleMap/_CSwiftSyntax/module.modulemap";
				PRODUCT_BUNDLE_IDENTIFIER = SwiftLeakCheck;
				PRODUCT_MODULE_NAME = "$(TARGET_NAME:c99extidentifier)";
				PRODUCT_NAME = "$(TARGET_NAME:c99extidentifier)";
				SKIP_INSTALL = YES;
				SWIFT_ACTIVE_COMPILATION_CONDITIONS = "$(inherited)";
				SWIFT_VERSION = 5.0;
				TARGET_NAME = SwiftLeakCheck;
				TVOS_DEPLOYMENT_TARGET = 9.0;
				WATCHOS_DEPLOYMENT_TARGET = 2.0;
			};
			name = Release;
		};
		OBJ_145 /* Debug */ = {
			isa = XCBuildConfiguration;
			buildSettings = {
				LD = /usr/bin/true;
				OTHER_SWIFT_FLAGS = "-swift-version 5 -I $(TOOLCHAIN_DIR)/usr/lib/swift/pm/4_2 -sdk /Applications/Xcode.app/Contents/Developer/Platforms/MacOSX.platform/Developer/SDKs/MacOSX10.15.sdk -package-description-version 5.2.0";
				SWIFT_VERSION = 5.0;
			};
			name = Debug;
		};
		OBJ_146 /* Release */ = {
			isa = XCBuildConfiguration;
			buildSettings = {
				LD = /usr/bin/true;
				OTHER_SWIFT_FLAGS = "-swift-version 5 -I $(TOOLCHAIN_DIR)/usr/lib/swift/pm/4_2 -sdk /Applications/Xcode.app/Contents/Developer/Platforms/MacOSX.platform/Developer/SDKs/MacOSX10.15.sdk -package-description-version 5.2.0";
				SWIFT_VERSION = 5.0;
			};
			name = Release;
		};
		OBJ_151 /* Debug */ = {
			isa = XCBuildConfiguration;
			buildSettings = {
			};
			name = Debug;
		};
		OBJ_152 /* Release */ = {
			isa = XCBuildConfiguration;
			buildSettings = {
			};
			name = Release;
		};
		OBJ_156 /* Debug */ = {
			isa = XCBuildConfiguration;
			buildSettings = {
				CLANG_ENABLE_MODULES = YES;
				EMBEDDED_CONTENT_CONTAINS_SWIFT = YES;
				FRAMEWORK_SEARCH_PATHS = (
					"$(inherited)",
					"$(PLATFORM_DIR)/Developer/Library/Frameworks",
				);
				HEADER_SEARCH_PATHS = (
					"$(inherited)",
					"$(SRCROOT)/.build/checkouts/swift-syntax/Sources/_CSwiftSyntax/include",
					"$(SRCROOT)/SwiftLeakCheck.xcodeproj/GeneratedModuleMap/_CSwiftSyntax",
				);
				INFOPLIST_FILE = SwiftLeakCheck.xcodeproj/SwiftLeakCheckTests_Info.plist;
				IPHONEOS_DEPLOYMENT_TARGET = 14.0;
				LD_RUNPATH_SEARCH_PATHS = "$(inherited) @loader_path/../Frameworks @loader_path/Frameworks";
				MACOSX_DEPLOYMENT_TARGET = 10.15;
				OTHER_CFLAGS = "$(inherited)";
				OTHER_LDFLAGS = "$(inherited)";
				OTHER_SWIFT_FLAGS = "$(inherited) -Xcc -fmodule-map-file=$(SRCROOT)/SwiftLeakCheck.xcodeproj/GeneratedModuleMap/_CSwiftSyntax/module.modulemap";
				SWIFT_ACTIVE_COMPILATION_CONDITIONS = "$(inherited)";
				SWIFT_VERSION = 5.0;
				TARGET_NAME = SwiftLeakCheckTests;
				TVOS_DEPLOYMENT_TARGET = 9.0;
				WATCHOS_DEPLOYMENT_TARGET = 2.0;
			};
			name = Debug;
		};
		OBJ_157 /* Release */ = {
			isa = XCBuildConfiguration;
			buildSettings = {
				CLANG_ENABLE_MODULES = YES;
				EMBEDDED_CONTENT_CONTAINS_SWIFT = YES;
				FRAMEWORK_SEARCH_PATHS = (
					"$(inherited)",
					"$(PLATFORM_DIR)/Developer/Library/Frameworks",
				);
				HEADER_SEARCH_PATHS = (
					"$(inherited)",
					"$(SRCROOT)/.build/checkouts/swift-syntax/Sources/_CSwiftSyntax/include",
					"$(SRCROOT)/SwiftLeakCheck.xcodeproj/GeneratedModuleMap/_CSwiftSyntax",
				);
				INFOPLIST_FILE = SwiftLeakCheck.xcodeproj/SwiftLeakCheckTests_Info.plist;
				IPHONEOS_DEPLOYMENT_TARGET = 14.0;
				LD_RUNPATH_SEARCH_PATHS = "$(inherited) @loader_path/../Frameworks @loader_path/Frameworks";
				MACOSX_DEPLOYMENT_TARGET = 10.15;
				OTHER_CFLAGS = "$(inherited)";
				OTHER_LDFLAGS = "$(inherited)";
				OTHER_SWIFT_FLAGS = "$(inherited) -Xcc -fmodule-map-file=$(SRCROOT)/SwiftLeakCheck.xcodeproj/GeneratedModuleMap/_CSwiftSyntax/module.modulemap";
				SWIFT_ACTIVE_COMPILATION_CONDITIONS = "$(inherited)";
				SWIFT_VERSION = 5.0;
				TARGET_NAME = SwiftLeakCheckTests;
				TVOS_DEPLOYMENT_TARGET = 9.0;
				WATCHOS_DEPLOYMENT_TARGET = 2.0;
			};
			name = Release;
		};
		OBJ_170 /* Debug */ = {
			isa = XCBuildConfiguration;
			buildSettings = {
				FRAMEWORK_SEARCH_PATHS = (
					"$(inherited)",
					"$(PLATFORM_DIR)/Developer/Library/Frameworks",
				);
				HEADER_SEARCH_PATHS = (
					"$(inherited)",
					"$(SRCROOT)/.build/checkouts/swift-syntax/Sources/_CSwiftSyntax/include",
					"$(SRCROOT)/SwiftLeakCheck.xcodeproj/GeneratedModuleMap/_CSwiftSyntax",
				);
				INFOPLIST_FILE = SwiftLeakCheck.xcodeproj/SwiftLeakChecker_Info.plist;
				IPHONEOS_DEPLOYMENT_TARGET = 9.0;
				LD_RUNPATH_SEARCH_PATHS = "$(inherited) $(TOOLCHAIN_DIR)/usr/lib/swift/macosx @executable_path";
				MACOSX_DEPLOYMENT_TARGET = 10.10;
				OTHER_CFLAGS = "$(inherited)";
				OTHER_LDFLAGS = "$(inherited)";
				OTHER_SWIFT_FLAGS = "$(inherited) -Xcc -fmodule-map-file=$(SRCROOT)/SwiftLeakCheck.xcodeproj/GeneratedModuleMap/_CSwiftSyntax/module.modulemap";
				SWIFT_ACTIVE_COMPILATION_CONDITIONS = "$(inherited)";
				SWIFT_FORCE_DYNAMIC_LINK_STDLIB = YES;
				SWIFT_FORCE_STATIC_LINK_STDLIB = NO;
				SWIFT_VERSION = 5.0;
				TARGET_NAME = SwiftLeakChecker;
				TVOS_DEPLOYMENT_TARGET = 9.0;
				WATCHOS_DEPLOYMENT_TARGET = 2.0;
			};
			name = Debug;
		};
		OBJ_171 /* Release */ = {
			isa = XCBuildConfiguration;
			buildSettings = {
				FRAMEWORK_SEARCH_PATHS = (
					"$(inherited)",
					"$(PLATFORM_DIR)/Developer/Library/Frameworks",
				);
				HEADER_SEARCH_PATHS = (
					"$(inherited)",
					"$(SRCROOT)/.build/checkouts/swift-syntax/Sources/_CSwiftSyntax/include",
					"$(SRCROOT)/SwiftLeakCheck.xcodeproj/GeneratedModuleMap/_CSwiftSyntax",
				);
				INFOPLIST_FILE = SwiftLeakCheck.xcodeproj/SwiftLeakChecker_Info.plist;
				IPHONEOS_DEPLOYMENT_TARGET = 9.0;
				LD_RUNPATH_SEARCH_PATHS = "$(inherited) $(TOOLCHAIN_DIR)/usr/lib/swift/macosx @executable_path";
				MACOSX_DEPLOYMENT_TARGET = 10.10;
				OTHER_CFLAGS = "$(inherited)";
				OTHER_LDFLAGS = "$(inherited)";
				OTHER_SWIFT_FLAGS = "$(inherited) -Xcc -fmodule-map-file=$(SRCROOT)/SwiftLeakCheck.xcodeproj/GeneratedModuleMap/_CSwiftSyntax/module.modulemap";
				SWIFT_ACTIVE_COMPILATION_CONDITIONS = "$(inherited)";
				SWIFT_FORCE_DYNAMIC_LINK_STDLIB = YES;
				SWIFT_FORCE_STATIC_LINK_STDLIB = NO;
				SWIFT_VERSION = 5.0;
				TARGET_NAME = SwiftLeakChecker;
				TVOS_DEPLOYMENT_TARGET = 9.0;
				WATCHOS_DEPLOYMENT_TARGET = 2.0;
			};
			name = Release;
		};
		OBJ_182 /* Debug */ = {
			isa = XCBuildConfiguration;
			buildSettings = {
				ENABLE_TESTABILITY = YES;
				FRAMEWORK_SEARCH_PATHS = (
					"$(inherited)",
					"$(PLATFORM_DIR)/Developer/Library/Frameworks",
				);
				HEADER_SEARCH_PATHS = (
					"$(inherited)",
					"$(SRCROOT)/.build/checkouts/swift-syntax/Sources/_CSwiftSyntax/include",
					"$(SRCROOT)/SwiftLeakCheck.xcodeproj/GeneratedModuleMap/_CSwiftSyntax",
				);
				INFOPLIST_FILE = SwiftLeakCheck.xcodeproj/SwiftSyntax_Info.plist;
				IPHONEOS_DEPLOYMENT_TARGET = 9.0;
				LD_RUNPATH_SEARCH_PATHS = "$(inherited) $(TOOLCHAIN_DIR)/usr/lib/swift/macosx";
				MACOSX_DEPLOYMENT_TARGET = 10.10;
				OTHER_CFLAGS = "$(inherited)";
				OTHER_LDFLAGS = "$(inherited)";
				OTHER_SWIFT_FLAGS = "$(inherited) -Xcc -fmodule-map-file=$(SRCROOT)/SwiftLeakCheck.xcodeproj/GeneratedModuleMap/_CSwiftSyntax/module.modulemap";
				PRODUCT_BUNDLE_IDENTIFIER = SwiftSyntax;
				PRODUCT_MODULE_NAME = "$(TARGET_NAME:c99extidentifier)";
				PRODUCT_NAME = "$(TARGET_NAME:c99extidentifier)";
				SKIP_INSTALL = YES;
				SWIFT_ACTIVE_COMPILATION_CONDITIONS = "$(inherited)";
				SWIFT_VERSION = 5.0;
				TARGET_NAME = SwiftSyntax;
				TVOS_DEPLOYMENT_TARGET = 9.0;
				WATCHOS_DEPLOYMENT_TARGET = 2.0;
			};
			name = Debug;
		};
		OBJ_183 /* Release */ = {
			isa = XCBuildConfiguration;
			buildSettings = {
				ENABLE_TESTABILITY = YES;
				FRAMEWORK_SEARCH_PATHS = (
					"$(inherited)",
					"$(PLATFORM_DIR)/Developer/Library/Frameworks",
				);
				HEADER_SEARCH_PATHS = (
					"$(inherited)",
					"$(SRCROOT)/.build/checkouts/swift-syntax/Sources/_CSwiftSyntax/include",
					"$(SRCROOT)/SwiftLeakCheck.xcodeproj/GeneratedModuleMap/_CSwiftSyntax",
				);
				INFOPLIST_FILE = SwiftLeakCheck.xcodeproj/SwiftSyntax_Info.plist;
				IPHONEOS_DEPLOYMENT_TARGET = 9.0;
				LD_RUNPATH_SEARCH_PATHS = "$(inherited) $(TOOLCHAIN_DIR)/usr/lib/swift/macosx";
				MACOSX_DEPLOYMENT_TARGET = 10.10;
				OTHER_CFLAGS = "$(inherited)";
				OTHER_LDFLAGS = "$(inherited)";
				OTHER_SWIFT_FLAGS = "$(inherited) -Xcc -fmodule-map-file=$(SRCROOT)/SwiftLeakCheck.xcodeproj/GeneratedModuleMap/_CSwiftSyntax/module.modulemap";
				PRODUCT_BUNDLE_IDENTIFIER = SwiftSyntax;
				PRODUCT_MODULE_NAME = "$(TARGET_NAME:c99extidentifier)";
				PRODUCT_NAME = "$(TARGET_NAME:c99extidentifier)";
				SKIP_INSTALL = YES;
				SWIFT_ACTIVE_COMPILATION_CONDITIONS = "$(inherited)";
				SWIFT_VERSION = 5.0;
				TARGET_NAME = SwiftSyntax;
				TVOS_DEPLOYMENT_TARGET = 9.0;
				WATCHOS_DEPLOYMENT_TARGET = 2.0;
			};
			name = Release;
		};
		OBJ_230 /* Debug */ = {
			isa = XCBuildConfiguration;
			buildSettings = {
				LD = /usr/bin/true;
				OTHER_SWIFT_FLAGS = "-swift-version 5 -I $(TOOLCHAIN_DIR)/usr/lib/swift/pm/4_2 -sdk /Applications/Xcode.app/Contents/Developer/Platforms/MacOSX.platform/Developer/SDKs/MacOSX10.15.sdk -package-description-version 5.1.0";
				SWIFT_VERSION = 5.0;
			};
			name = Debug;
		};
		OBJ_231 /* Release */ = {
			isa = XCBuildConfiguration;
			buildSettings = {
				LD = /usr/bin/true;
				OTHER_SWIFT_FLAGS = "-swift-version 5 -I $(TOOLCHAIN_DIR)/usr/lib/swift/pm/4_2 -sdk /Applications/Xcode.app/Contents/Developer/Platforms/MacOSX.platform/Developer/SDKs/MacOSX10.15.sdk -package-description-version 5.1.0";
				SWIFT_VERSION = 5.0;
			};
			name = Release;
		};
		OBJ_235 /* Debug */ = {
			isa = XCBuildConfiguration;
			buildSettings = {
				DEFINES_MODULE = NO;
				ENABLE_TESTABILITY = YES;
				FRAMEWORK_SEARCH_PATHS = (
					"$(inherited)",
					"$(PLATFORM_DIR)/Developer/Library/Frameworks",
				);
				HEADER_SEARCH_PATHS = (
					"$(inherited)",
					"$(SRCROOT)/.build/checkouts/swift-syntax/Sources/_CSwiftSyntax/include",
				);
				INFOPLIST_FILE = SwiftLeakCheck.xcodeproj/_CSwiftSyntax_Info.plist;
				IPHONEOS_DEPLOYMENT_TARGET = 9.0;
				LD_RUNPATH_SEARCH_PATHS = "$(inherited) $(TOOLCHAIN_DIR)/usr/lib/swift/macosx";
				MACOSX_DEPLOYMENT_TARGET = 10.10;
				OTHER_CFLAGS = "$(inherited)";
				OTHER_LDFLAGS = "$(inherited)";
				OTHER_SWIFT_FLAGS = "$(inherited)";
				PRODUCT_BUNDLE_IDENTIFIER = "-CSwiftSyntax";
				PRODUCT_MODULE_NAME = "$(TARGET_NAME:c99extidentifier)";
				PRODUCT_NAME = "$(TARGET_NAME:c99extidentifier)";
				SKIP_INSTALL = YES;
				SWIFT_ACTIVE_COMPILATION_CONDITIONS = "$(inherited)";
				TARGET_NAME = _CSwiftSyntax;
				TVOS_DEPLOYMENT_TARGET = 9.0;
				WATCHOS_DEPLOYMENT_TARGET = 2.0;
			};
			name = Debug;
		};
		OBJ_236 /* Release */ = {
			isa = XCBuildConfiguration;
			buildSettings = {
				DEFINES_MODULE = NO;
				ENABLE_TESTABILITY = YES;
				FRAMEWORK_SEARCH_PATHS = (
					"$(inherited)",
					"$(PLATFORM_DIR)/Developer/Library/Frameworks",
				);
				HEADER_SEARCH_PATHS = (
					"$(inherited)",
					"$(SRCROOT)/.build/checkouts/swift-syntax/Sources/_CSwiftSyntax/include",
				);
				INFOPLIST_FILE = SwiftLeakCheck.xcodeproj/_CSwiftSyntax_Info.plist;
				IPHONEOS_DEPLOYMENT_TARGET = 9.0;
				LD_RUNPATH_SEARCH_PATHS = "$(inherited) $(TOOLCHAIN_DIR)/usr/lib/swift/macosx";
				MACOSX_DEPLOYMENT_TARGET = 10.10;
				OTHER_CFLAGS = "$(inherited)";
				OTHER_LDFLAGS = "$(inherited)";
				OTHER_SWIFT_FLAGS = "$(inherited)";
				PRODUCT_BUNDLE_IDENTIFIER = "-CSwiftSyntax";
				PRODUCT_MODULE_NAME = "$(TARGET_NAME:c99extidentifier)";
				PRODUCT_NAME = "$(TARGET_NAME:c99extidentifier)";
				SKIP_INSTALL = YES;
				SWIFT_ACTIVE_COMPILATION_CONDITIONS = "$(inherited)";
				TARGET_NAME = _CSwiftSyntax;
				TVOS_DEPLOYMENT_TARGET = 9.0;
				WATCHOS_DEPLOYMENT_TARGET = 2.0;
			};
			name = Release;
		};
		OBJ_3 /* Debug */ = {
			isa = XCBuildConfiguration;
			buildSettings = {
				CLANG_ENABLE_OBJC_ARC = YES;
				COMBINE_HIDPI_IMAGES = YES;
				COPY_PHASE_STRIP = NO;
				DEBUG_INFORMATION_FORMAT = dwarf;
				DYLIB_INSTALL_NAME_BASE = "@rpath";
				ENABLE_NS_ASSERTIONS = YES;
				GCC_OPTIMIZATION_LEVEL = 0;
				GCC_PREPROCESSOR_DEFINITIONS = (
					"$(inherited)",
					"SWIFT_PACKAGE=1",
					"DEBUG=1",
				);
				MACOSX_DEPLOYMENT_TARGET = 10.10;
				ONLY_ACTIVE_ARCH = YES;
				OTHER_SWIFT_FLAGS = "$(inherited) -DXcode";
				PRODUCT_NAME = "$(TARGET_NAME)";
				SDKROOT = macosx;
				SUPPORTED_PLATFORMS = "macosx iphoneos iphonesimulator appletvos appletvsimulator watchos watchsimulator";
				SWIFT_ACTIVE_COMPILATION_CONDITIONS = "$(inherited) SWIFT_PACKAGE DEBUG";
				SWIFT_OPTIMIZATION_LEVEL = "-Onone";
				USE_HEADERMAP = NO;
			};
			name = Debug;
		};
		OBJ_4 /* Release */ = {
			isa = XCBuildConfiguration;
			buildSettings = {
				CLANG_ENABLE_OBJC_ARC = YES;
				COMBINE_HIDPI_IMAGES = YES;
				COPY_PHASE_STRIP = YES;
				DEBUG_INFORMATION_FORMAT = "dwarf-with-dsym";
				DYLIB_INSTALL_NAME_BASE = "@rpath";
				GCC_OPTIMIZATION_LEVEL = s;
				GCC_PREPROCESSOR_DEFINITIONS = (
					"$(inherited)",
					"SWIFT_PACKAGE=1",
				);
				MACOSX_DEPLOYMENT_TARGET = 10.10;
				OTHER_SWIFT_FLAGS = "$(inherited) -DXcode";
				PRODUCT_NAME = "$(TARGET_NAME)";
				SDKROOT = macosx;
				SUPPORTED_PLATFORMS = "macosx iphoneos iphonesimulator appletvos appletvsimulator watchos watchsimulator";
				SWIFT_ACTIVE_COMPILATION_CONDITIONS = "$(inherited) SWIFT_PACKAGE";
				SWIFT_OPTIMIZATION_LEVEL = "-Owholemodule";
				USE_HEADERMAP = NO;
			};
			name = Release;
		};
/* End XCBuildConfiguration section */

/* Begin XCConfigurationList section */
		OBJ_106 /* Build configuration list for PBXNativeTarget "SwiftLeakCheck" */ = {
			isa = XCConfigurationList;
			buildConfigurations = (
				OBJ_107 /* Debug */,
				OBJ_108 /* Release */,
			);
			defaultConfigurationIsVisible = 0;
			defaultConfigurationName = Release;
		};
		OBJ_144 /* Build configuration list for PBXNativeTarget "SwiftLeakCheckPackageDescription" */ = {
			isa = XCConfigurationList;
			buildConfigurations = (
				OBJ_145 /* Debug */,
				OBJ_146 /* Release */,
			);
			defaultConfigurationIsVisible = 0;
			defaultConfigurationName = Release;
		};
		OBJ_150 /* Build configuration list for PBXAggregateTarget "SwiftLeakCheckPackageTests" */ = {
			isa = XCConfigurationList;
			buildConfigurations = (
				OBJ_151 /* Debug */,
				OBJ_152 /* Release */,
			);
			defaultConfigurationIsVisible = 0;
			defaultConfigurationName = Release;
		};
		OBJ_155 /* Build configuration list for PBXNativeTarget "SwiftLeakCheckTests" */ = {
			isa = XCConfigurationList;
			buildConfigurations = (
				OBJ_156 /* Debug */,
				OBJ_157 /* Release */,
			);
			defaultConfigurationIsVisible = 0;
			defaultConfigurationName = Release;
		};
		OBJ_169 /* Build configuration list for PBXNativeTarget "SwiftLeakChecker" */ = {
			isa = XCConfigurationList;
			buildConfigurations = (
				OBJ_170 /* Debug */,
				OBJ_171 /* Release */,
			);
			defaultConfigurationIsVisible = 0;
			defaultConfigurationName = Release;
		};
		OBJ_181 /* Build configuration list for PBXNativeTarget "SwiftSyntax" */ = {
			isa = XCConfigurationList;
			buildConfigurations = (
				OBJ_182 /* Debug */,
				OBJ_183 /* Release */,
			);
			defaultConfigurationIsVisible = 0;
			defaultConfigurationName = Release;
		};
		OBJ_2 /* Build configuration list for PBXProject "SwiftLeakCheck" */ = {
			isa = XCConfigurationList;
			buildConfigurations = (
				OBJ_3 /* Debug */,
				OBJ_4 /* Release */,
			);
			defaultConfigurationIsVisible = 0;
			defaultConfigurationName = Release;
		};
		OBJ_229 /* Build configuration list for PBXNativeTarget "SwiftSyntaxPackageDescription" */ = {
			isa = XCConfigurationList;
			buildConfigurations = (
				OBJ_230 /* Debug */,
				OBJ_231 /* Release */,
			);
			defaultConfigurationIsVisible = 0;
			defaultConfigurationName = Release;
		};
		OBJ_234 /* Build configuration list for PBXNativeTarget "_CSwiftSyntax" */ = {
			isa = XCConfigurationList;
			buildConfigurations = (
				OBJ_235 /* Debug */,
				OBJ_236 /* Release */,
			);
			defaultConfigurationIsVisible = 0;
			defaultConfigurationName = Release;
		};
/* End XCConfigurationList section */
	};
	rootObject = OBJ_1 /* Project object */;
}
